
Microsoft Visual Studio Solution File, Format Version 12.00
# Visual Studio 15
VisualStudioVersion = 15.0.28307.421
MinimumVisualStudioVersion = 10.0.40219.1
Project("{FAE04EC0-301F-11D3-BF4B-00C04F79EFBC}") = "ConsoleApp1", "ConsoleApp1.csproj", "{DE0A3156-215C-42F7-AFA2-D7CE3F88D8DB}"
EndProject
Project("{FAE04EC0-301F-11D3-BF4B-00C04F79EFBC}") = "Academy_App", "..\ClassLibrary1\Academy_App.csproj", "{6A29DC04-C6CB-45B1-939E-182587A29410}"
EndProject
Global
	GlobalSection(SolutionConfigurationPlatforms) = preSolution
		Debug|Any CPU = Debug|Any CPU
		Release|Any CPU = Release|Any CPU
	EndGlobalSection
	GlobalSection(ProjectConfigurationPlatforms) = postSolution
		{DE0A3156-215C-42F7-AFA2-D7CE3F88D8DB}.Debug|Any CPU.ActiveCfg = Debug|Any CPU
		{DE0A3156-215C-42F7-AFA2-D7CE3F88D8DB}.Debug|Any CPU.Build.0 = Debug|Any CPU
		{DE0A3156-215C-42F7-AFA2-D7CE3F88D8DB}.Release|Any CPU.ActiveCfg = Release|Any CPU
		{DE0A3156-215C-42F7-AFA2-D7CE3F88D8DB}.Release|Any CPU.Build.0 = Release|Any CPU
		{6A29DC04-C6CB-45B1-939E-182587A29410}.Debug|Any CPU.ActiveCfg = Debug|Any CPU
		{6A29DC04-C6CB-45B1-939E-182587A29410}.Debug|Any CPU.Build.0 = Debug|Any CPU
		{6A29DC04-C6CB-45B1-939E-182587A29410}.Release|Any CPU.ActiveCfg = Release|Any CPU
		{6A29DC04-C6CB-45B1-939E-182587A29410}.Release|Any CPU.Build.0 = Release|Any CPU
	EndGlobalSection
	GlobalSection(SolutionProperties) = preSolution
		HideSolutionNode = FALSE
	EndGlobalSection
	GlobalSection(ExtensibilityGlobals) = postSolution
		SolutionGuid = {D0443C7B-A347-414D-8373-04B77BA7C1AD}
	EndGlobalSection
EndGlobal
